// !$*UTF8*$!
{
	archiveVersion = 1;
	classes = {
	};
	objectVersion = 50;
	objects = {

/* Begin PBXBuildFile section */
		89AB9F86EC9200809F544E8C /* Pods_BillCutterUITests.framework in Frameworks */ = {isa = PBXBuildFile; fileRef = 0A1A98084E417F8B791E4C93 /* Pods_BillCutterUITests.framework */; };
		A70CEA2E23269011006BF5E5 /* GroupReceipt.swift in Sources */ = {isa = PBXBuildFile; fileRef = A70CEA2D23269011006BF5E5 /* GroupReceipt.swift */; };
		A70CEA30232690CE006BF5E5 /* Receipt.swift in Sources */ = {isa = PBXBuildFile; fileRef = A70CEA2F232690CE006BF5E5 /* Receipt.swift */; };
		A70CEA322326919F006BF5E5 /* ReceiptItem.swift in Sources */ = {isa = PBXBuildFile; fileRef = A70CEA312326919F006BF5E5 /* ReceiptItem.swift */; };
		A70CEA3423269289006BF5E5 /* GroupReceiptResponse.swift in Sources */ = {isa = PBXBuildFile; fileRef = A70CEA3323269289006BF5E5 /* GroupReceiptResponse.swift */; };
		A70CEA3623269382006BF5E5 /* ReceiptItemResponse.swift in Sources */ = {isa = PBXBuildFile; fileRef = A70CEA3523269382006BF5E5 /* ReceiptItemResponse.swift */; };
		A70CEA382326948D006BF5E5 /* ReceiptResponse.swift in Sources */ = {isa = PBXBuildFile; fileRef = A70CEA372326948D006BF5E5 /* ReceiptResponse.swift */; };
		A70CEA3A23269C5F006BF5E5 /* GroupReceiptApiService.swift in Sources */ = {isa = PBXBuildFile; fileRef = A70CEA3923269C5F006BF5E5 /* GroupReceiptApiService.swift */; };
		A71142B523144DEE00257E6E /* ApiService.swift in Sources */ = {isa = PBXBuildFile; fileRef = A71142B423144DEE00257E6E /* ApiService.swift */; };
		A72E21A82326C6E800099AC4 /* GroupReceiptViewController.swift in Sources */ = {isa = PBXBuildFile; fileRef = A72E21A72326C6E800099AC4 /* GroupReceiptViewController.swift */; };
		A74B6580232827F5004E939F /* GroupSummaryViewController.swift in Sources */ = {isa = PBXBuildFile; fileRef = A74B657F232827F5004E939F /* GroupSummaryViewController.swift */; };
		A7651B39231D85D700035774 /* ApiStatusResultResponse.swift in Sources */ = {isa = PBXBuildFile; fileRef = A7651B38231D85D700035774 /* ApiStatusResultResponse.swift */; };
		A7651B3B231D86E300035774 /* ApiStatusResult.swift in Sources */ = {isa = PBXBuildFile; fileRef = A7651B3A231D86E300035774 /* ApiStatusResult.swift */; };
		A7651B3D231D881100035774 /* RegisterApiService.swift in Sources */ = {isa = PBXBuildFile; fileRef = A7651B3C231D881100035774 /* RegisterApiService.swift */; };
		A7651B40231D921900035774 /* ViewUtil.swift in Sources */ = {isa = PBXBuildFile; fileRef = A7651B3F231D921900035774 /* ViewUtil.swift */; };
		A7E4752923294ED5007144DC /* SettingViewController.swift in Sources */ = {isa = PBXBuildFile; fileRef = A7E4752823294ED5007144DC /* SettingViewController.swift */; };
		A7FBB4882327F119000FAE35 /* GroupMemberViewController.swift in Sources */ = {isa = PBXBuildFile; fileRef = A7FBB4872327F119000FAE35 /* GroupMemberViewController.swift */; };
		C9168D952310E70D00396BA0 /* ModifyDetailReceiptViewController.swift in Sources */ = {isa = PBXBuildFile; fileRef = C9168D942310E70D00396BA0 /* ModifyDetailReceiptViewController.swift */; };
		C9168D982310F57200396BA0 /* ItemDataController.swift in Sources */ = {isa = PBXBuildFile; fileRef = C9168D972310F57200396BA0 /* ItemDataController.swift */; };
		C91F80CC2316BCFC001199FA /* AssignToViewController.swift in Sources */ = {isa = PBXBuildFile; fileRef = C91F80CB2316BCFC001199FA /* AssignToViewController.swift */; };
		C91F80D12317B15E001199FA /* LoginApiService.swift in Sources */ = {isa = PBXBuildFile; fileRef = C91F80D02317B15E001199FA /* LoginApiService.swift */; };
		C91F80D32317F908001199FA /* ErrorResponse.swift in Sources */ = {isa = PBXBuildFile; fileRef = C91F80D22317F908001199FA /* ErrorResponse.swift */; };
		C92C233723058A0000B85772 /* GoogleService-Info.plist in Resources */ = {isa = PBXBuildFile; fileRef = C92C233623058A0000B85772 /* GoogleService-Info.plist */; };
		C92C233923058A4900B85772 /* ScanViewController.swift in Sources */ = {isa = PBXBuildFile; fileRef = C92C233823058A4900B85772 /* ScanViewController.swift */; };
		C92C233F2305970B00B85772 /* UIImageFixedOrientationExtension.swift in Sources */ = {isa = PBXBuildFile; fileRef = C92C233D2305970B00B85772 /* UIImageFixedOrientationExtension.swift */; };
		C92C23402305970B00B85772 /* ScaledElementProcessor.swift in Sources */ = {isa = PBXBuildFile; fileRef = C92C233E2305970B00B85772 /* ScaledElementProcessor.swift */; };
		C93CDCDA2314FF7700416851 /* UserDefaultService.swift in Sources */ = {isa = PBXBuildFile; fileRef = C93CDCD92314FF7700416851 /* UserDefaultService.swift */; };
		C93CDCE12315078000416851 /* AddGroupViewController.swift in Sources */ = {isa = PBXBuildFile; fileRef = C93CDCE02315078000416851 /* AddGroupViewController.swift */; };
		C93CDCE32315671300416851 /* ContactsUI.framework in Frameworks */ = {isa = PBXBuildFile; fileRef = C93CDCE22315671200416851 /* ContactsUI.framework */; };
		C93CDCE52316221E00416851 /* UserDataController.swift in Sources */ = {isa = PBXBuildFile; fileRef = C93CDCE42316221E00416851 /* UserDataController.swift */; };
		C94369A32312B9B4009F2FB0 /* GroupsViewController.swift in Sources */ = {isa = PBXBuildFile; fileRef = C94369A22312B9B4009F2FB0 /* GroupsViewController.swift */; };
		C96F758F230407ED00988758 /* RegisterViewController.swift in Sources */ = {isa = PBXBuildFile; fileRef = C96F758E230407ED00988758 /* RegisterViewController.swift */; };
		C97A4DBF23192CB600A3EF4E /* ParentViewController.swift in Sources */ = {isa = PBXBuildFile; fileRef = C97A4DBE23192CB600A3EF4E /* ParentViewController.swift */; };
		C98D6CBA23253A4700BE93F3 /* UserNotifications.framework in Frameworks */ = {isa = PBXBuildFile; fileRef = C98D6CB923253A4700BE93F3 /* UserNotifications.framework */; };
		C98D6CBD2327970100BE93F3 /* ReceiptApiService.swift in Sources */ = {isa = PBXBuildFile; fileRef = C98D6CBC2327970100BE93F3 /* ReceiptApiService.swift */; };
		C98D6CBF2327A6B500BE93F3 /* GroupMemberApiService.swift in Sources */ = {isa = PBXBuildFile; fileRef = C98D6CBE2327A6B500BE93F3 /* GroupMemberApiService.swift */; };
		C98D6CC22327A83100BE93F3 /* GroupMemberResponse.swift in Sources */ = {isa = PBXBuildFile; fileRef = C98D6CC12327A83100BE93F3 /* GroupMemberResponse.swift */; };
		C98D6CC42327A89300BE93F3 /* GroupMember.swift in Sources */ = {isa = PBXBuildFile; fileRef = C98D6CC32327A89300BE93F3 /* GroupMember.swift */; };
		C98D6CC62327CA1400BE93F3 /* TagMember.swift in Sources */ = {isa = PBXBuildFile; fileRef = C98D6CC52327CA1400BE93F3 /* TagMember.swift */; };
		C98D6CC8232868EF00BE93F3 /* ReceiptDetailItem.swift in Sources */ = {isa = PBXBuildFile; fileRef = C98D6CC7232868EF00BE93F3 /* ReceiptDetailItem.swift */; };
		C98D6CCA232888D900BE93F3 /* AddReceiptResponse.swift in Sources */ = {isa = PBXBuildFile; fileRef = C98D6CC9232888D900BE93F3 /* AddReceiptResponse.swift */; };
		C98D6CCC2328898100BE93F3 /* AddReceipt.swift in Sources */ = {isa = PBXBuildFile; fileRef = C98D6CCB2328898100BE93F3 /* AddReceipt.swift */; };
		C98D6CCE232898B100BE93F3 /* NotificationApiService.swift in Sources */ = {isa = PBXBuildFile; fileRef = C98D6CCD232898B100BE93F3 /* NotificationApiService.swift */; };
		C98D6CD0232975A100BE93F3 /* GetProfileApiService.swift in Sources */ = {isa = PBXBuildFile; fileRef = C98D6CCF232975A100BE93F3 /* GetProfileApiService.swift */; };
		C98D6CD2232975EA00BE93F3 /* LoginProfile.swift in Sources */ = {isa = PBXBuildFile; fileRef = C98D6CD1232975EA00BE93F3 /* LoginProfile.swift */; };
		C98D6CD42329764100BE93F3 /* GetLoginProfileResponse.swift in Sources */ = {isa = PBXBuildFile; fileRef = C98D6CD32329764100BE93F3 /* GetLoginProfileResponse.swift */; };
		C98D6CD623297A6300BE93F3 /* NotificationDataController.swift in Sources */ = {isa = PBXBuildFile; fileRef = C98D6CD523297A6300BE93F3 /* NotificationDataController.swift */; };
		C98D6CD823297BFE00BE93F3 /* NotificationViewController.swift in Sources */ = {isa = PBXBuildFile; fileRef = C98D6CD723297BFE00BE93F3 /* NotificationViewController.swift */; };
		C98D6CDA2329DF3700BE93F3 /* NotificationDetailViewController.swift in Sources */ = {isa = PBXBuildFile; fileRef = C98D6CD92329DF3700BE93F3 /* NotificationDetailViewController.swift */; };
		C98D6CDF232B462C00BE93F3 /* DashboardApiService.swift in Sources */ = {isa = PBXBuildFile; fileRef = C98D6CDE232B462C00BE93F3 /* DashboardApiService.swift */; };
		C98D6CE1232B468A00BE93F3 /* DashboardResponse.swift in Sources */ = {isa = PBXBuildFile; fileRef = C98D6CE0232B468A00BE93F3 /* DashboardResponse.swift */; };
		C98D6CE3232B475800BE93F3 /* Dashboard.swift in Sources */ = {isa = PBXBuildFile; fileRef = C98D6CE2232B475800BE93F3 /* Dashboard.swift */; };
		C98D6CE5232B482800BE93F3 /* DashboardViewController.swift in Sources */ = {isa = PBXBuildFile; fileRef = C98D6CE4232B482800BE93F3 /* DashboardViewController.swift */; };
		C9906CD92313D08A00E3EEB0 /* CheckBox.swift in Sources */ = {isa = PBXBuildFile; fileRef = C9906CD82313D08A00E3EEB0 /* CheckBox.swift */; };
		C9906CDD23140F6600E3EEB0 /* GroupDataController.swift in Sources */ = {isa = PBXBuildFile; fileRef = C9906CDC23140F6600E3EEB0 /* GroupDataController.swift */; };
		C9906CE0231410E300E3EEB0 /* CoreData.framework in Frameworks */ = {isa = PBXBuildFile; fileRef = C9906CDF231410E300E3EEB0 /* CoreData.framework */; };
		C998034C22FAFE5F008E6A28 /* AppDelegate.swift in Sources */ = {isa = PBXBuildFile; fileRef = C998034B22FAFE5F008E6A28 /* AppDelegate.swift */; };
		C998034E22FAFE5F008E6A28 /* LoginViewController.swift in Sources */ = {isa = PBXBuildFile; fileRef = C998034D22FAFE5F008E6A28 /* LoginViewController.swift */; };
		C998035122FAFE5F008E6A28 /* Main.storyboard in Resources */ = {isa = PBXBuildFile; fileRef = C998034F22FAFE5F008E6A28 /* Main.storyboard */; };
		C998035422FAFE5F008E6A28 /* BillCutter.xcdatamodeld in Sources */ = {isa = PBXBuildFile; fileRef = C998035222FAFE5F008E6A28 /* BillCutter.xcdatamodeld */; };
		C998035622FAFE61008E6A28 /* Assets.xcassets in Resources */ = {isa = PBXBuildFile; fileRef = C998035522FAFE61008E6A28 /* Assets.xcassets */; };
		C998035922FAFE61008E6A28 /* LaunchScreen.storyboard in Resources */ = {isa = PBXBuildFile; fileRef = C998035722FAFE61008E6A28 /* LaunchScreen.storyboard */; };
		C998036422FAFE62008E6A28 /* BillCutterTests.swift in Sources */ = {isa = PBXBuildFile; fileRef = C998036322FAFE62008E6A28 /* BillCutterTests.swift */; };
		C998036F22FAFE62008E6A28 /* BillCutterUITests.swift in Sources */ = {isa = PBXBuildFile; fileRef = C998036E22FAFE62008E6A28 /* BillCutterUITests.swift */; };
		C9B15770231E9E1900369D45 /* GroupTagViewController.swift in Sources */ = {isa = PBXBuildFile; fileRef = C9B1576F231E9E1900369D45 /* GroupTagViewController.swift */; };
		C9D4B6DD230A835F001E0EDD /* DetailReceiptTableViewCell.swift in Sources */ = {isa = PBXBuildFile; fileRef = C9D4B6DC230A835F001E0EDD /* DetailReceiptTableViewCell.swift */; };
		CD734CB8230A56F4007D4A6B /* Item.swift in Sources */ = {isa = PBXBuildFile; fileRef = CD734CB7230A56F4007D4A6B /* Item.swift */; };
		CD734CBA230A5729007D4A6B /* Person.swift in Sources */ = {isa = PBXBuildFile; fileRef = CD734CB9230A5729007D4A6B /* Person.swift */; };
		CDC2CC97230A7DFD00F533FD /* DetailReceiptViewController.swift in Sources */ = {isa = PBXBuildFile; fileRef = CDC2CC96230A7DFD00F533FD /* DetailReceiptViewController.swift */; };
		D23B23AB10CE2904B54E837B /* Pods_BillCutter.framework in Frameworks */ = {isa = PBXBuildFile; fileRef = 1CB40D90DDC1FDD79860C7A8 /* Pods_BillCutter.framework */; };
		FF7C71DD0E427AEED174BB35 /* Pods_BillCutterTests.framework in Frameworks */ = {isa = PBXBuildFile; fileRef = 2E952E99B825ACD7DAFE8C2B /* Pods_BillCutterTests.framework */; };
/* End PBXBuildFile section */

/* Begin PBXContainerItemProxy section */
		C998036022FAFE62008E6A28 /* PBXContainerItemProxy */ = {
			isa = PBXContainerItemProxy;
			containerPortal = C998034022FAFE5F008E6A28 /* Project object */;
			proxyType = 1;
			remoteGlobalIDString = C998034722FAFE5F008E6A28;
			remoteInfo = BillCutter;
		};
		C998036B22FAFE62008E6A28 /* PBXContainerItemProxy */ = {
			isa = PBXContainerItemProxy;
			containerPortal = C998034022FAFE5F008E6A28 /* Project object */;
			proxyType = 1;
			remoteGlobalIDString = C998034722FAFE5F008E6A28;
			remoteInfo = BillCutter;
		};
/* End PBXContainerItemProxy section */

/* Begin PBXFileReference section */
		0A1A98084E417F8B791E4C93 /* Pods_BillCutterUITests.framework */ = {isa = PBXFileReference; explicitFileType = wrapper.framework; includeInIndex = 0; path = Pods_BillCutterUITests.framework; sourceTree = BUILT_PRODUCTS_DIR; };
		1CB40D90DDC1FDD79860C7A8 /* Pods_BillCutter.framework */ = {isa = PBXFileReference; explicitFileType = wrapper.framework; includeInIndex = 0; path = Pods_BillCutter.framework; sourceTree = BUILT_PRODUCTS_DIR; };
		2E952E99B825ACD7DAFE8C2B /* Pods_BillCutterTests.framework */ = {isa = PBXFileReference; explicitFileType = wrapper.framework; includeInIndex = 0; path = Pods_BillCutterTests.framework; sourceTree = BUILT_PRODUCTS_DIR; };
		75E32FB5734C19FCA53027EC /* Pods-BillCutter.debug.xcconfig */ = {isa = PBXFileReference; includeInIndex = 1; lastKnownFileType = text.xcconfig; name = "Pods-BillCutter.debug.xcconfig"; path = "Pods/Target Support Files/Pods-BillCutter/Pods-BillCutter.debug.xcconfig"; sourceTree = "<group>"; };
		A70CEA2D23269011006BF5E5 /* GroupReceipt.swift */ = {isa = PBXFileReference; lastKnownFileType = sourcecode.swift; path = GroupReceipt.swift; sourceTree = "<group>"; };
		A70CEA2F232690CE006BF5E5 /* Receipt.swift */ = {isa = PBXFileReference; lastKnownFileType = sourcecode.swift; path = Receipt.swift; sourceTree = "<group>"; };
		A70CEA312326919F006BF5E5 /* ReceiptItem.swift */ = {isa = PBXFileReference; lastKnownFileType = sourcecode.swift; path = ReceiptItem.swift; sourceTree = "<group>"; };
		A70CEA3323269289006BF5E5 /* GroupReceiptResponse.swift */ = {isa = PBXFileReference; lastKnownFileType = sourcecode.swift; path = GroupReceiptResponse.swift; sourceTree = "<group>"; };
		A70CEA3523269382006BF5E5 /* ReceiptItemResponse.swift */ = {isa = PBXFileReference; lastKnownFileType = sourcecode.swift; path = ReceiptItemResponse.swift; sourceTree = "<group>"; };
		A70CEA372326948D006BF5E5 /* ReceiptResponse.swift */ = {isa = PBXFileReference; lastKnownFileType = sourcecode.swift; path = ReceiptResponse.swift; sourceTree = "<group>"; };
		A70CEA3923269C5F006BF5E5 /* GroupReceiptApiService.swift */ = {isa = PBXFileReference; lastKnownFileType = sourcecode.swift; path = GroupReceiptApiService.swift; sourceTree = "<group>"; };
		A71142B423144DEE00257E6E /* ApiService.swift */ = {isa = PBXFileReference; lastKnownFileType = sourcecode.swift; path = ApiService.swift; sourceTree = "<group>"; };
		A72E21A72326C6E800099AC4 /* GroupReceiptViewController.swift */ = {isa = PBXFileReference; lastKnownFileType = sourcecode.swift; path = GroupReceiptViewController.swift; sourceTree = "<group>"; };
		A74B657F232827F5004E939F /* GroupSummaryViewController.swift */ = {isa = PBXFileReference; lastKnownFileType = sourcecode.swift; path = GroupSummaryViewController.swift; sourceTree = "<group>"; };
		A7651B38231D85D700035774 /* ApiStatusResultResponse.swift */ = {isa = PBXFileReference; lastKnownFileType = sourcecode.swift; path = ApiStatusResultResponse.swift; sourceTree = "<group>"; };
		A7651B3A231D86E300035774 /* ApiStatusResult.swift */ = {isa = PBXFileReference; lastKnownFileType = sourcecode.swift; path = ApiStatusResult.swift; sourceTree = "<group>"; };
		A7651B3C231D881100035774 /* RegisterApiService.swift */ = {isa = PBXFileReference; lastKnownFileType = sourcecode.swift; path = RegisterApiService.swift; sourceTree = "<group>"; };
		A7651B3F231D921900035774 /* ViewUtil.swift */ = {isa = PBXFileReference; lastKnownFileType = sourcecode.swift; path = ViewUtil.swift; sourceTree = "<group>"; };
		A7E4752823294ED5007144DC /* SettingViewController.swift */ = {isa = PBXFileReference; lastKnownFileType = sourcecode.swift; path = SettingViewController.swift; sourceTree = "<group>"; };
		A7FBB4872327F119000FAE35 /* GroupMemberViewController.swift */ = {isa = PBXFileReference; lastKnownFileType = sourcecode.swift; path = GroupMemberViewController.swift; sourceTree = "<group>"; };
		BB402525E8D482C8238E46CA /* Pods-BillCutter.release.xcconfig */ = {isa = PBXFileReference; includeInIndex = 1; lastKnownFileType = text.xcconfig; name = "Pods-BillCutter.release.xcconfig"; path = "Pods/Target Support Files/Pods-BillCutter/Pods-BillCutter.release.xcconfig"; sourceTree = "<group>"; };
		C1EB0542A7785D59D0E0BF9C /* Pods-BillCutterUITests.debug.xcconfig */ = {isa = PBXFileReference; includeInIndex = 1; lastKnownFileType = text.xcconfig; name = "Pods-BillCutterUITests.debug.xcconfig"; path = "Pods/Target Support Files/Pods-BillCutterUITests/Pods-BillCutterUITests.debug.xcconfig"; sourceTree = "<group>"; };
		C8A62F765A5A0BF63A9820F2 /* Pods-BillCutterTests.debug.xcconfig */ = {isa = PBXFileReference; includeInIndex = 1; lastKnownFileType = text.xcconfig; name = "Pods-BillCutterTests.debug.xcconfig"; path = "Pods/Target Support Files/Pods-BillCutterTests/Pods-BillCutterTests.debug.xcconfig"; sourceTree = "<group>"; };
		C9168D93231056E000396BA0 /* billcutter-bridging-header.h */ = {isa = PBXFileReference; lastKnownFileType = sourcecode.c.h; path = "billcutter-bridging-header.h"; sourceTree = "<group>"; };
		C9168D942310E70D00396BA0 /* ModifyDetailReceiptViewController.swift */ = {isa = PBXFileReference; lastKnownFileType = sourcecode.swift; path = ModifyDetailReceiptViewController.swift; sourceTree = "<group>"; };
		C9168D972310F57200396BA0 /* ItemDataController.swift */ = {isa = PBXFileReference; lastKnownFileType = sourcecode.swift; path = ItemDataController.swift; sourceTree = "<group>"; };
		C91F80CB2316BCFC001199FA /* AssignToViewController.swift */ = {isa = PBXFileReference; lastKnownFileType = sourcecode.swift; path = AssignToViewController.swift; sourceTree = "<group>"; };
		C91F80D02317B15E001199FA /* LoginApiService.swift */ = {isa = PBXFileReference; lastKnownFileType = sourcecode.swift; path = LoginApiService.swift; sourceTree = "<group>"; };
		C91F80D22317F908001199FA /* ErrorResponse.swift */ = {isa = PBXFileReference; lastKnownFileType = sourcecode.swift; path = ErrorResponse.swift; sourceTree = "<group>"; };
		C92C233623058A0000B85772 /* GoogleService-Info.plist */ = {isa = PBXFileReference; fileEncoding = 4; lastKnownFileType = text.plist.xml; path = "GoogleService-Info.plist"; sourceTree = "<group>"; };
		C92C233823058A4900B85772 /* ScanViewController.swift */ = {isa = PBXFileReference; lastKnownFileType = sourcecode.swift; path = ScanViewController.swift; sourceTree = "<group>"; };
		C92C233D2305970B00B85772 /* UIImageFixedOrientationExtension.swift */ = {isa = PBXFileReference; fileEncoding = 4; lastKnownFileType = sourcecode.swift; path = UIImageFixedOrientationExtension.swift; sourceTree = "<group>"; };
		C92C233E2305970B00B85772 /* ScaledElementProcessor.swift */ = {isa = PBXFileReference; fileEncoding = 4; lastKnownFileType = sourcecode.swift; path = ScaledElementProcessor.swift; sourceTree = "<group>"; };
		C93CDCD92314FF7700416851 /* UserDefaultService.swift */ = {isa = PBXFileReference; lastKnownFileType = sourcecode.swift; path = UserDefaultService.swift; sourceTree = "<group>"; };
		C93CDCE02315078000416851 /* AddGroupViewController.swift */ = {isa = PBXFileReference; lastKnownFileType = sourcecode.swift; path = AddGroupViewController.swift; sourceTree = "<group>"; };
		C93CDCE22315671200416851 /* ContactsUI.framework */ = {isa = PBXFileReference; lastKnownFileType = wrapper.framework; name = ContactsUI.framework; path = System/Library/Frameworks/ContactsUI.framework; sourceTree = SDKROOT; };
		C93CDCE42316221E00416851 /* UserDataController.swift */ = {isa = PBXFileReference; lastKnownFileType = sourcecode.swift; path = UserDataController.swift; sourceTree = "<group>"; };
		C94369A22312B9B4009F2FB0 /* GroupsViewController.swift */ = {isa = PBXFileReference; lastKnownFileType = sourcecode.swift; path = GroupsViewController.swift; sourceTree = "<group>"; };
		C96F758E230407ED00988758 /* RegisterViewController.swift */ = {isa = PBXFileReference; lastKnownFileType = sourcecode.swift; path = RegisterViewController.swift; sourceTree = "<group>"; };
		C97A4DBE23192CB600A3EF4E /* ParentViewController.swift */ = {isa = PBXFileReference; lastKnownFileType = sourcecode.swift; path = ParentViewController.swift; sourceTree = "<group>"; };
		C98D6CB923253A4700BE93F3 /* UserNotifications.framework */ = {isa = PBXFileReference; lastKnownFileType = wrapper.framework; name = UserNotifications.framework; path = System/Library/Frameworks/UserNotifications.framework; sourceTree = SDKROOT; };
		C98D6CBB2325453600BE93F3 /* BillCutter.entitlements */ = {isa = PBXFileReference; lastKnownFileType = text.plist.entitlements; path = BillCutter.entitlements; sourceTree = "<group>"; };
		C98D6CBC2327970100BE93F3 /* ReceiptApiService.swift */ = {isa = PBXFileReference; lastKnownFileType = sourcecode.swift; path = ReceiptApiService.swift; sourceTree = "<group>"; };
		C98D6CBE2327A6B500BE93F3 /* GroupMemberApiService.swift */ = {isa = PBXFileReference; lastKnownFileType = sourcecode.swift; path = GroupMemberApiService.swift; sourceTree = "<group>"; };
		C98D6CC12327A83100BE93F3 /* GroupMemberResponse.swift */ = {isa = PBXFileReference; lastKnownFileType = sourcecode.swift; path = GroupMemberResponse.swift; sourceTree = "<group>"; };
		C98D6CC32327A89300BE93F3 /* GroupMember.swift */ = {isa = PBXFileReference; lastKnownFileType = sourcecode.swift; path = GroupMember.swift; sourceTree = "<group>"; };
		C98D6CC52327CA1400BE93F3 /* TagMember.swift */ = {isa = PBXFileReference; lastKnownFileType = sourcecode.swift; path = TagMember.swift; sourceTree = "<group>"; };
		C98D6CC7232868EF00BE93F3 /* ReceiptDetailItem.swift */ = {isa = PBXFileReference; lastKnownFileType = sourcecode.swift; path = ReceiptDetailItem.swift; sourceTree = "<group>"; };
		C98D6CC9232888D900BE93F3 /* AddReceiptResponse.swift */ = {isa = PBXFileReference; lastKnownFileType = sourcecode.swift; path = AddReceiptResponse.swift; sourceTree = "<group>"; };
		C98D6CCB2328898100BE93F3 /* AddReceipt.swift */ = {isa = PBXFileReference; lastKnownFileType = sourcecode.swift; path = AddReceipt.swift; sourceTree = "<group>"; };
		C98D6CCD232898B100BE93F3 /* NotificationApiService.swift */ = {isa = PBXFileReference; lastKnownFileType = sourcecode.swift; path = NotificationApiService.swift; sourceTree = "<group>"; };
		C98D6CCF232975A100BE93F3 /* GetProfileApiService.swift */ = {isa = PBXFileReference; lastKnownFileType = sourcecode.swift; path = GetProfileApiService.swift; sourceTree = "<group>"; };
		C98D6CD1232975EA00BE93F3 /* LoginProfile.swift */ = {isa = PBXFileReference; lastKnownFileType = sourcecode.swift; path = LoginProfile.swift; sourceTree = "<group>"; };
		C98D6CD32329764100BE93F3 /* GetLoginProfileResponse.swift */ = {isa = PBXFileReference; lastKnownFileType = sourcecode.swift; path = GetLoginProfileResponse.swift; sourceTree = "<group>"; };
		C98D6CD523297A6300BE93F3 /* NotificationDataController.swift */ = {isa = PBXFileReference; lastKnownFileType = sourcecode.swift; path = NotificationDataController.swift; sourceTree = "<group>"; };
		C98D6CD723297BFE00BE93F3 /* NotificationViewController.swift */ = {isa = PBXFileReference; lastKnownFileType = sourcecode.swift; path = NotificationViewController.swift; sourceTree = "<group>"; };
		C98D6CD92329DF3700BE93F3 /* NotificationDetailViewController.swift */ = {isa = PBXFileReference; lastKnownFileType = sourcecode.swift; path = NotificationDetailViewController.swift; sourceTree = "<group>"; };
		C98D6CDE232B462C00BE93F3 /* DashboardApiService.swift */ = {isa = PBXFileReference; lastKnownFileType = sourcecode.swift; path = DashboardApiService.swift; sourceTree = "<group>"; };
		C98D6CE0232B468A00BE93F3 /* DashboardResponse.swift */ = {isa = PBXFileReference; lastKnownFileType = sourcecode.swift; path = DashboardResponse.swift; sourceTree = "<group>"; };
		C98D6CE2232B475800BE93F3 /* Dashboard.swift */ = {isa = PBXFileReference; lastKnownFileType = sourcecode.swift; path = Dashboard.swift; sourceTree = "<group>"; };
		C98D6CE4232B482800BE93F3 /* DashboardViewController.swift */ = {isa = PBXFileReference; lastKnownFileType = sourcecode.swift; path = DashboardViewController.swift; sourceTree = "<group>"; };
		C9906CD82313D08A00E3EEB0 /* CheckBox.swift */ = {isa = PBXFileReference; fileEncoding = 4; lastKnownFileType = sourcecode.swift; path = CheckBox.swift; sourceTree = "<group>"; };
		C9906CDC23140F6600E3EEB0 /* GroupDataController.swift */ = {isa = PBXFileReference; lastKnownFileType = sourcecode.swift; path = GroupDataController.swift; sourceTree = "<group>"; };
		C9906CDF231410E300E3EEB0 /* CoreData.framework */ = {isa = PBXFileReference; lastKnownFileType = wrapper.framework; name = CoreData.framework; path = System/Library/Frameworks/CoreData.framework; sourceTree = SDKROOT; };
		C998034822FAFE5F008E6A28 /* BillCutter.app */ = {isa = PBXFileReference; explicitFileType = wrapper.application; includeInIndex = 0; path = BillCutter.app; sourceTree = BUILT_PRODUCTS_DIR; };
		C998034B22FAFE5F008E6A28 /* AppDelegate.swift */ = {isa = PBXFileReference; lastKnownFileType = sourcecode.swift; path = AppDelegate.swift; sourceTree = "<group>"; };
		C998034D22FAFE5F008E6A28 /* LoginViewController.swift */ = {isa = PBXFileReference; lastKnownFileType = sourcecode.swift; path = LoginViewController.swift; sourceTree = "<group>"; };
		C998035022FAFE5F008E6A28 /* Base */ = {isa = PBXFileReference; lastKnownFileType = file.storyboard; name = Base; path = Base.lproj/Main.storyboard; sourceTree = "<group>"; };
		C998035322FAFE5F008E6A28 /* BillCutter.xcdatamodel */ = {isa = PBXFileReference; lastKnownFileType = wrapper.xcdatamodel; path = BillCutter.xcdatamodel; sourceTree = "<group>"; };
		C998035522FAFE61008E6A28 /* Assets.xcassets */ = {isa = PBXFileReference; lastKnownFileType = folder.assetcatalog; path = Assets.xcassets; sourceTree = "<group>"; };
		C998035822FAFE61008E6A28 /* Base */ = {isa = PBXFileReference; lastKnownFileType = file.storyboard; name = Base; path = Base.lproj/LaunchScreen.storyboard; sourceTree = "<group>"; };
		C998035A22FAFE61008E6A28 /* Info.plist */ = {isa = PBXFileReference; lastKnownFileType = text.plist.xml; path = Info.plist; sourceTree = "<group>"; };
		C998035F22FAFE62008E6A28 /* BillCutterTests.xctest */ = {isa = PBXFileReference; explicitFileType = wrapper.cfbundle; includeInIndex = 0; path = BillCutterTests.xctest; sourceTree = BUILT_PRODUCTS_DIR; };
		C998036322FAFE62008E6A28 /* BillCutterTests.swift */ = {isa = PBXFileReference; lastKnownFileType = sourcecode.swift; path = BillCutterTests.swift; sourceTree = "<group>"; };
		C998036522FAFE62008E6A28 /* Info.plist */ = {isa = PBXFileReference; lastKnownFileType = text.plist.xml; path = Info.plist; sourceTree = "<group>"; };
		C998036A22FAFE62008E6A28 /* BillCutterUITests.xctest */ = {isa = PBXFileReference; explicitFileType = wrapper.cfbundle; includeInIndex = 0; path = BillCutterUITests.xctest; sourceTree = BUILT_PRODUCTS_DIR; };
		C998036E22FAFE62008E6A28 /* BillCutterUITests.swift */ = {isa = PBXFileReference; lastKnownFileType = sourcecode.swift; path = BillCutterUITests.swift; sourceTree = "<group>"; };
		C998037022FAFE62008E6A28 /* Info.plist */ = {isa = PBXFileReference; lastKnownFileType = text.plist.xml; path = Info.plist; sourceTree = "<group>"; };
		C998037C22FAFF11008E6A28 /* README.md */ = {isa = PBXFileReference; lastKnownFileType = net.daringfireball.markdown; path = README.md; sourceTree = "<group>"; };
		C9B1576F231E9E1900369D45 /* GroupTagViewController.swift */ = {isa = PBXFileReference; lastKnownFileType = sourcecode.swift; path = GroupTagViewController.swift; sourceTree = "<group>"; };
		C9D4B6DC230A835F001E0EDD /* DetailReceiptTableViewCell.swift */ = {isa = PBXFileReference; lastKnownFileType = sourcecode.swift; path = DetailReceiptTableViewCell.swift; sourceTree = "<group>"; };
		CD734CB7230A56F4007D4A6B /* Item.swift */ = {isa = PBXFileReference; lastKnownFileType = sourcecode.swift; path = Item.swift; sourceTree = "<group>"; };
		CD734CB9230A5729007D4A6B /* Person.swift */ = {isa = PBXFileReference; lastKnownFileType = sourcecode.swift; path = Person.swift; sourceTree = "<group>"; };
		CDC2CC96230A7DFD00F533FD /* DetailReceiptViewController.swift */ = {isa = PBXFileReference; lastKnownFileType = sourcecode.swift; path = DetailReceiptViewController.swift; sourceTree = "<group>"; };
		D4F6824FB9082730B375305C /* Pods-BillCutterTests.release.xcconfig */ = {isa = PBXFileReference; includeInIndex = 1; lastKnownFileType = text.xcconfig; name = "Pods-BillCutterTests.release.xcconfig"; path = "Pods/Target Support Files/Pods-BillCutterTests/Pods-BillCutterTests.release.xcconfig"; sourceTree = "<group>"; };
		F2170B3DCF8FB1596BAB4B6D /* Pods-BillCutterUITests.release.xcconfig */ = {isa = PBXFileReference; includeInIndex = 1; lastKnownFileType = text.xcconfig; name = "Pods-BillCutterUITests.release.xcconfig"; path = "Pods/Target Support Files/Pods-BillCutterUITests/Pods-BillCutterUITests.release.xcconfig"; sourceTree = "<group>"; };
/* End PBXFileReference section */

/* Begin PBXFrameworksBuildPhase section */
		C998034522FAFE5F008E6A28 /* Frameworks */ = {
			isa = PBXFrameworksBuildPhase;
			buildActionMask = 2147483647;
			files = (
				C98D6CBA23253A4700BE93F3 /* UserNotifications.framework in Frameworks */,
				C93CDCE32315671300416851 /* ContactsUI.framework in Frameworks */,
				C9906CE0231410E300E3EEB0 /* CoreData.framework in Frameworks */,
				D23B23AB10CE2904B54E837B /* Pods_BillCutter.framework in Frameworks */,
			);
			runOnlyForDeploymentPostprocessing = 0;
		};
		C998035C22FAFE62008E6A28 /* Frameworks */ = {
			isa = PBXFrameworksBuildPhase;
			buildActionMask = 2147483647;
			files = (
				FF7C71DD0E427AEED174BB35 /* Pods_BillCutterTests.framework in Frameworks */,
			);
			runOnlyForDeploymentPostprocessing = 0;
		};
		C998036722FAFE62008E6A28 /* Frameworks */ = {
			isa = PBXFrameworksBuildPhase;
			buildActionMask = 2147483647;
			files = (
				89AB9F86EC9200809F544E8C /* Pods_BillCutterUITests.framework in Frameworks */,
			);
			runOnlyForDeploymentPostprocessing = 0;
		};
/* End PBXFrameworksBuildPhase section */

/* Begin PBXGroup section */
		085A3D23A61BE1CA653BF239 /* Pods */ = {
			isa = PBXGroup;
			children = (
				75E32FB5734C19FCA53027EC /* Pods-BillCutter.debug.xcconfig */,
				BB402525E8D482C8238E46CA /* Pods-BillCutter.release.xcconfig */,
				C8A62F765A5A0BF63A9820F2 /* Pods-BillCutterTests.debug.xcconfig */,
				D4F6824FB9082730B375305C /* Pods-BillCutterTests.release.xcconfig */,
				C1EB0542A7785D59D0E0BF9C /* Pods-BillCutterUITests.debug.xcconfig */,
				F2170B3DCF8FB1596BAB4B6D /* Pods-BillCutterUITests.release.xcconfig */,
			);
			name = Pods;
			sourceTree = "<group>";
		};
		46A25E56B937754147C0D6E9 /* Frameworks */ = {
			isa = PBXGroup;
			children = (
				C98D6CB923253A4700BE93F3 /* UserNotifications.framework */,
				C93CDCE22315671200416851 /* ContactsUI.framework */,
				C9906CDF231410E300E3EEB0 /* CoreData.framework */,
				1CB40D90DDC1FDD79860C7A8 /* Pods_BillCutter.framework */,
				2E952E99B825ACD7DAFE8C2B /* Pods_BillCutterTests.framework */,
				0A1A98084E417F8B791E4C93 /* Pods_BillCutterUITests.framework */,
			);
			name = Frameworks;
			sourceTree = "<group>";
		};
		A71142B323144DC900257E6E /* ApiServices */ = {
			isa = PBXGroup;
			children = (
				A7651B37231D857400035774 /* Responses */,
				A71142B423144DEE00257E6E /* ApiService.swift */,
				C93CDCD92314FF7700416851 /* UserDefaultService.swift */,
			);
			path = ApiServices;
			sourceTree = "<group>";
		};
		A7651B37231D857400035774 /* Responses */ = {
			isa = PBXGroup;
			children = (
				A7651B38231D85D700035774 /* ApiStatusResultResponse.swift */,
				A70CEA3323269289006BF5E5 /* GroupReceiptResponse.swift */,
				A70CEA372326948D006BF5E5 /* ReceiptResponse.swift */,
				A70CEA3523269382006BF5E5 /* ReceiptItemResponse.swift */,
				C98D6CC12327A83100BE93F3 /* GroupMemberResponse.swift */,
				C98D6CC9232888D900BE93F3 /* AddReceiptResponse.swift */,
				C98D6CD32329764100BE93F3 /* GetLoginProfileResponse.swift */,
				C98D6CE0232B468A00BE93F3 /* DashboardResponse.swift */,
			);
			path = Responses;
			sourceTree = "<group>";
		};
		A7651B3E231D920100035774 /* Utils */ = {
			isa = PBXGroup;
			children = (
				A7651B3F231D921900035774 /* ViewUtil.swift */,
			);
			path = Utils;
			sourceTree = "<group>";
		};
		C9168D962310EF8500396BA0 /* Controllers */ = {
			isa = PBXGroup;
			children = (
				C91F80CF2317AB97001199FA /* Service */,
				C9906CDE23140F8A00E3EEB0 /* Data */,
			);
			path = Controllers;
			sourceTree = "<group>";
		};
		C91F80CF2317AB97001199FA /* Service */ = {
			isa = PBXGroup;
			children = (
				C91F80D02317B15E001199FA /* LoginApiService.swift */,
				A7651B3C231D881100035774 /* RegisterApiService.swift */,
				A70CEA3923269C5F006BF5E5 /* GroupReceiptApiService.swift */,
				C98D6CBC2327970100BE93F3 /* ReceiptApiService.swift */,
				C98D6CBE2327A6B500BE93F3 /* GroupMemberApiService.swift */,
				C98D6CCD232898B100BE93F3 /* NotificationApiService.swift */,
				C98D6CCF232975A100BE93F3 /* GetProfileApiService.swift */,
				C98D6CDE232B462C00BE93F3 /* DashboardApiService.swift */,
			);
			path = Service;
			sourceTree = "<group>";
		};
		C92C233C230596D600B85772 /* ImageProcessor */ = {
			isa = PBXGroup;
			children = (
				C92C233E2305970B00B85772 /* ScaledElementProcessor.swift */,
				C92C233D2305970B00B85772 /* UIImageFixedOrientationExtension.swift */,
			);
			path = ImageProcessor;
			sourceTree = "<group>";
		};
		C9906CD52313CFD700E3EEB0 /* CustomView */ = {
			isa = PBXGroup;
			children = (
				C9906CD82313D08A00E3EEB0 /* CheckBox.swift */,
			);
			path = CustomView;
			sourceTree = "<group>";
		};
		C9906CDE23140F8A00E3EEB0 /* Data */ = {
			isa = PBXGroup;
			children = (
				C9168D972310F57200396BA0 /* ItemDataController.swift */,
				C9906CDC23140F6600E3EEB0 /* GroupDataController.swift */,
				C93CDCE42316221E00416851 /* UserDataController.swift */,
				C98D6CD523297A6300BE93F3 /* NotificationDataController.swift */,
			);
			path = Data;
			sourceTree = "<group>";
		};
		C998033F22FAFE5F008E6A28 = {
			isa = PBXGroup;
			children = (
				C998037C22FAFF11008E6A28 /* README.md */,
				C998034A22FAFE5F008E6A28 /* BillCutter */,
				C998036222FAFE62008E6A28 /* BillCutterTests */,
				C998036D22FAFE62008E6A28 /* BillCutterUITests */,
				C998034922FAFE5F008E6A28 /* Products */,
				085A3D23A61BE1CA653BF239 /* Pods */,
				46A25E56B937754147C0D6E9 /* Frameworks */,
			);
			sourceTree = "<group>";
		};
		C998034922FAFE5F008E6A28 /* Products */ = {
			isa = PBXGroup;
			children = (
				C998034822FAFE5F008E6A28 /* BillCutter.app */,
				C998035F22FAFE62008E6A28 /* BillCutterTests.xctest */,
				C998036A22FAFE62008E6A28 /* BillCutterUITests.xctest */,
			);
			name = Products;
			sourceTree = "<group>";
		};
		C998034A22FAFE5F008E6A28 /* BillCutter */ = {
			isa = PBXGroup;
			children = (
				C98D6CBB2325453600BE93F3 /* BillCutter.entitlements */,
				A7651B3E231D920100035774 /* Utils */,
				A71142B323144DC900257E6E /* ApiServices */,
				C9168D962310EF8500396BA0 /* Controllers */,
				CD734CB6230A56D3007D4A6B /* Model */,
				C9B9431D2306E5F9004A704F /* ViewControllers */,
				C92C233C230596D600B85772 /* ImageProcessor */,
				C92C233623058A0000B85772 /* GoogleService-Info.plist */,
				C998034B22FAFE5F008E6A28 /* AppDelegate.swift */,
				C998034F22FAFE5F008E6A28 /* Main.storyboard */,
				C998035522FAFE61008E6A28 /* Assets.xcassets */,
				C998035722FAFE61008E6A28 /* LaunchScreen.storyboard */,
				C998035A22FAFE61008E6A28 /* Info.plist */,
				C998035222FAFE5F008E6A28 /* BillCutter.xcdatamodeld */,
				C9168D93231056E000396BA0 /* billcutter-bridging-header.h */,
			);
			path = BillCutter;
			sourceTree = "<group>";
		};
		C998036222FAFE62008E6A28 /* BillCutterTests */ = {
			isa = PBXGroup;
			children = (
				C998036322FAFE62008E6A28 /* BillCutterTests.swift */,
				C998036522FAFE62008E6A28 /* Info.plist */,
			);
			path = BillCutterTests;
			sourceTree = "<group>";
		};
		C998036D22FAFE62008E6A28 /* BillCutterUITests */ = {
			isa = PBXGroup;
			children = (
				C998036E22FAFE62008E6A28 /* BillCutterUITests.swift */,
				C998037022FAFE62008E6A28 /* Info.plist */,
			);
			path = BillCutterUITests;
			sourceTree = "<group>";
		};
		C9B9431D2306E5F9004A704F /* ViewControllers */ = {
			isa = PBXGroup;
			children = (
				C97A4DBE23192CB600A3EF4E /* ParentViewController.swift */,
				C9906CD52313CFD700E3EEB0 /* CustomView */,
				C998034D22FAFE5F008E6A28 /* LoginViewController.swift */,
				C96F758E230407ED00988758 /* RegisterViewController.swift */,
				C92C233823058A4900B85772 /* ScanViewController.swift */,
				CDC2CC96230A7DFD00F533FD /* DetailReceiptViewController.swift */,
				C9D4B6DC230A835F001E0EDD /* DetailReceiptTableViewCell.swift */,
				C9168D942310E70D00396BA0 /* ModifyDetailReceiptViewController.swift */,
				C94369A22312B9B4009F2FB0 /* GroupsViewController.swift */,
				A72E21A72326C6E800099AC4 /* GroupReceiptViewController.swift */,
				C93CDCE02315078000416851 /* AddGroupViewController.swift */,
				C91F80CB2316BCFC001199FA /* AssignToViewController.swift */,
				C9B1576F231E9E1900369D45 /* GroupTagViewController.swift */,
				A7FBB4872327F119000FAE35 /* GroupMemberViewController.swift */,
				A74B657F232827F5004E939F /* GroupSummaryViewController.swift */,
				A7E4752823294ED5007144DC /* SettingViewController.swift */,
				C98D6CD723297BFE00BE93F3 /* NotificationViewController.swift */,
				C98D6CD92329DF3700BE93F3 /* NotificationDetailViewController.swift */,
				C98D6CE4232B482800BE93F3 /* DashboardViewController.swift */,
			);
			path = ViewControllers;
			sourceTree = "<group>";
		};
		CD734CB6230A56D3007D4A6B /* Model */ = {
			isa = PBXGroup;
			children = (
				CD734CB7230A56F4007D4A6B /* Item.swift */,
				CD734CB9230A5729007D4A6B /* Person.swift */,
				C91F80D22317F908001199FA /* ErrorResponse.swift */,
				A7651B3A231D86E300035774 /* ApiStatusResult.swift */,
				A70CEA2D23269011006BF5E5 /* GroupReceipt.swift */,
				A70CEA2F232690CE006BF5E5 /* Receipt.swift */,
				A70CEA312326919F006BF5E5 /* ReceiptItem.swift */,
				C98D6CC32327A89300BE93F3 /* GroupMember.swift */,
				C98D6CC52327CA1400BE93F3 /* TagMember.swift */,
				C98D6CC7232868EF00BE93F3 /* ReceiptDetailItem.swift */,
				C98D6CCB2328898100BE93F3 /* AddReceipt.swift */,
				C98D6CD1232975EA00BE93F3 /* LoginProfile.swift */,
				C98D6CE2232B475800BE93F3 /* Dashboard.swift */,
			);
			path = Model;
			sourceTree = "<group>";
		};
/* End PBXGroup section */

/* Begin PBXNativeTarget section */
		C998034722FAFE5F008E6A28 /* BillCutter */ = {
			isa = PBXNativeTarget;
			buildConfigurationList = C998037322FAFE62008E6A28 /* Build configuration list for PBXNativeTarget "BillCutter" */;
			buildPhases = (
				FF4DC11DB3B98D11C1C313DB /* [CP] Check Pods Manifest.lock */,
				C998034422FAFE5F008E6A28 /* Sources */,
				C998034522FAFE5F008E6A28 /* Frameworks */,
				C998034622FAFE5F008E6A28 /* Resources */,
				E1E56AE537A5BE0004277712 /* [CP] Embed Pods Frameworks */,
				4C48D1DCF244E9A93F275E36 /* [CP] Copy Pods Resources */,
			);
			buildRules = (
			);
			dependencies = (
			);
			name = BillCutter;
			productName = BillCutter;
			productReference = C998034822FAFE5F008E6A28 /* BillCutter.app */;
			productType = "com.apple.product-type.application";
		};
		C998035E22FAFE62008E6A28 /* BillCutterTests */ = {
			isa = PBXNativeTarget;
			buildConfigurationList = C998037622FAFE62008E6A28 /* Build configuration list for PBXNativeTarget "BillCutterTests" */;
			buildPhases = (
				EB96B87F6BA344A5FA25C1A5 /* [CP] Check Pods Manifest.lock */,
				C998035B22FAFE62008E6A28 /* Sources */,
				C998035C22FAFE62008E6A28 /* Frameworks */,
				C998035D22FAFE62008E6A28 /* Resources */,
			);
			buildRules = (
			);
			dependencies = (
				C998036122FAFE62008E6A28 /* PBXTargetDependency */,
			);
			name = BillCutterTests;
			productName = BillCutterTests;
			productReference = C998035F22FAFE62008E6A28 /* BillCutterTests.xctest */;
			productType = "com.apple.product-type.bundle.unit-test";
		};
		C998036922FAFE62008E6A28 /* BillCutterUITests */ = {
			isa = PBXNativeTarget;
			buildConfigurationList = C998037922FAFE62008E6A28 /* Build configuration list for PBXNativeTarget "BillCutterUITests" */;
			buildPhases = (
				B1E40978F2116415F7A1AC41 /* [CP] Check Pods Manifest.lock */,
				C998036622FAFE62008E6A28 /* Sources */,
				C998036722FAFE62008E6A28 /* Frameworks */,
				C998036822FAFE62008E6A28 /* Resources */,
			);
			buildRules = (
			);
			dependencies = (
				C998036C22FAFE62008E6A28 /* PBXTargetDependency */,
			);
			name = BillCutterUITests;
			productName = BillCutterUITests;
			productReference = C998036A22FAFE62008E6A28 /* BillCutterUITests.xctest */;
			productType = "com.apple.product-type.bundle.ui-testing";
		};
/* End PBXNativeTarget section */

/* Begin PBXProject section */
		C998034022FAFE5F008E6A28 /* Project object */ = {
			isa = PBXProject;
			attributes = {
				LastSwiftUpdateCheck = 1010;
				LastUpgradeCheck = 1010;
				ORGANIZATIONNAME = "Heru Prasetia";
				TargetAttributes = {
					C998034722FAFE5F008E6A28 = {
						CreatedOnToolsVersion = 10.1;
						SystemCapabilities = {
							com.apple.Push = {
								enabled = 1;
							};
						};
					};
					C998035E22FAFE62008E6A28 = {
						CreatedOnToolsVersion = 10.1;
						TestTargetID = C998034722FAFE5F008E6A28;
					};
					C998036922FAFE62008E6A28 = {
						CreatedOnToolsVersion = 10.1;
						TestTargetID = C998034722FAFE5F008E6A28;
					};
				};
			};
			buildConfigurationList = C998034322FAFE5F008E6A28 /* Build configuration list for PBXProject "BillCutter" */;
			compatibilityVersion = "Xcode 9.3";
			developmentRegion = en;
			hasScannedForEncodings = 0;
			knownRegions = (
				en,
				Base,
			);
			mainGroup = C998033F22FAFE5F008E6A28;
			productRefGroup = C998034922FAFE5F008E6A28 /* Products */;
			projectDirPath = "";
			projectRoot = "";
			targets = (
				C998034722FAFE5F008E6A28 /* BillCutter */,
				C998035E22FAFE62008E6A28 /* BillCutterTests */,
				C998036922FAFE62008E6A28 /* BillCutterUITests */,
			);
		};
/* End PBXProject section */

/* Begin PBXResourcesBuildPhase section */
		C998034622FAFE5F008E6A28 /* Resources */ = {
			isa = PBXResourcesBuildPhase;
			buildActionMask = 2147483647;
			files = (
				C998035922FAFE61008E6A28 /* LaunchScreen.storyboard in Resources */,
				C92C233723058A0000B85772 /* GoogleService-Info.plist in Resources */,
				C998035622FAFE61008E6A28 /* Assets.xcassets in Resources */,
				C998035122FAFE5F008E6A28 /* Main.storyboard in Resources */,
			);
			runOnlyForDeploymentPostprocessing = 0;
		};
		C998035D22FAFE62008E6A28 /* Resources */ = {
			isa = PBXResourcesBuildPhase;
			buildActionMask = 2147483647;
			files = (
			);
			runOnlyForDeploymentPostprocessing = 0;
		};
		C998036822FAFE62008E6A28 /* Resources */ = {
			isa = PBXResourcesBuildPhase;
			buildActionMask = 2147483647;
			files = (
			);
			runOnlyForDeploymentPostprocessing = 0;
		};
/* End PBXResourcesBuildPhase section */

/* Begin PBXShellScriptBuildPhase section */
		4C48D1DCF244E9A93F275E36 /* [CP] Copy Pods Resources */ = {
			isa = PBXShellScriptBuildPhase;
			buildActionMask = 2147483647;
			files = (
			);
			inputPaths = (
				"${SRCROOT}/Pods/Target Support Files/Pods-BillCutter/Pods-BillCutter-resources.sh",
				"${PODS_CONFIGURATION_BUILD_DIR}/FirebaseMLVisionTextModel/GoogleMVTextDetectorResources.bundle",
			);
			name = "[CP] Copy Pods Resources";
			outputPaths = (
				"${TARGET_BUILD_DIR}/${UNLOCALIZED_RESOURCES_FOLDER_PATH}/GoogleMVTextDetectorResources.bundle",
			);
			runOnlyForDeploymentPostprocessing = 0;
			shellPath = /bin/sh;
			shellScript = "\"${SRCROOT}/Pods/Target Support Files/Pods-BillCutter/Pods-BillCutter-resources.sh\"\n";
			showEnvVarsInLog = 0;
		};
		B1E40978F2116415F7A1AC41 /* [CP] Check Pods Manifest.lock */ = {
			isa = PBXShellScriptBuildPhase;
			buildActionMask = 2147483647;
			files = (
			);
			inputPaths = (
				"${PODS_PODFILE_DIR_PATH}/Podfile.lock",
				"${PODS_ROOT}/Manifest.lock",
			);
			name = "[CP] Check Pods Manifest.lock";
			outputPaths = (
				"$(DERIVED_FILE_DIR)/Pods-BillCutterUITests-checkManifestLockResult.txt",
			);
			runOnlyForDeploymentPostprocessing = 0;
			shellPath = /bin/sh;
			shellScript = "diff \"${PODS_PODFILE_DIR_PATH}/Podfile.lock\" \"${PODS_ROOT}/Manifest.lock\" > /dev/null\nif [ $? != 0 ] ; then\n    # print error to STDERR\n    echo \"error: The sandbox is not in sync with the Podfile.lock. Run 'pod install' or update your CocoaPods installation.\" >&2\n    exit 1\nfi\n# This output is used by Xcode 'outputs' to avoid re-running this script phase.\necho \"SUCCESS\" > \"${SCRIPT_OUTPUT_FILE_0}\"\n";
			showEnvVarsInLog = 0;
		};
		E1E56AE537A5BE0004277712 /* [CP] Embed Pods Frameworks */ = {
			isa = PBXShellScriptBuildPhase;
			buildActionMask = 2147483647;
			files = (
			);
			inputPaths = (
				"${SRCROOT}/Pods/Target Support Files/Pods-BillCutter/Pods-BillCutter-frameworks.sh",
				"${BUILT_PRODUCTS_DIR}/Alamofire/Alamofire.framework",
				"${BUILT_PRODUCTS_DIR}/CurrencyText/CurrencyText.framework",
				"${BUILT_PRODUCTS_DIR}/GPUImage/GPUImage.framework",
				"${BUILT_PRODUCTS_DIR}/GTMSessionFetcher/GTMSessionFetcher.framework",
				"${BUILT_PRODUCTS_DIR}/GoogleAPIClientForREST/GoogleAPIClientForREST.framework",
				"${BUILT_PRODUCTS_DIR}/GoogleToolboxForMac/GoogleToolboxForMac.framework",
				"${BUILT_PRODUCTS_DIR}/GoogleUtilities/GoogleUtilities.framework",
				"${BUILT_PRODUCTS_DIR}/ObjectMapper/ObjectMapper.framework",
				"${BUILT_PRODUCTS_DIR}/Protobuf/Protobuf.framework",
				"${BUILT_PRODUCTS_DIR}/RxAlamofire/RxAlamofire.framework",
				"${BUILT_PRODUCTS_DIR}/RxSwift/RxSwift.framework",
				"${BUILT_PRODUCTS_DIR}/nanopb/nanopb.framework",
			);
			name = "[CP] Embed Pods Frameworks";
			outputPaths = (
				"${TARGET_BUILD_DIR}/${FRAMEWORKS_FOLDER_PATH}/Alamofire.framework",
				"${TARGET_BUILD_DIR}/${FRAMEWORKS_FOLDER_PATH}/CurrencyText.framework",
				"${TARGET_BUILD_DIR}/${FRAMEWORKS_FOLDER_PATH}/GPUImage.framework",
				"${TARGET_BUILD_DIR}/${FRAMEWORKS_FOLDER_PATH}/GTMSessionFetcher.framework",
				"${TARGET_BUILD_DIR}/${FRAMEWORKS_FOLDER_PATH}/GoogleAPIClientForREST.framework",
				"${TARGET_BUILD_DIR}/${FRAMEWORKS_FOLDER_PATH}/GoogleToolboxForMac.framework",
				"${TARGET_BUILD_DIR}/${FRAMEWORKS_FOLDER_PATH}/GoogleUtilities.framework",
				"${TARGET_BUILD_DIR}/${FRAMEWORKS_FOLDER_PATH}/ObjectMapper.framework",
				"${TARGET_BUILD_DIR}/${FRAMEWORKS_FOLDER_PATH}/Protobuf.framework",
				"${TARGET_BUILD_DIR}/${FRAMEWORKS_FOLDER_PATH}/RxAlamofire.framework",
				"${TARGET_BUILD_DIR}/${FRAMEWORKS_FOLDER_PATH}/RxSwift.framework",
				"${TARGET_BUILD_DIR}/${FRAMEWORKS_FOLDER_PATH}/nanopb.framework",
			);
			runOnlyForDeploymentPostprocessing = 0;
			shellPath = /bin/sh;
			shellScript = "\"${SRCROOT}/Pods/Target Support Files/Pods-BillCutter/Pods-BillCutter-frameworks.sh\"\n";
			showEnvVarsInLog = 0;
		};
		EB96B87F6BA344A5FA25C1A5 /* [CP] Check Pods Manifest.lock */ = {
			isa = PBXShellScriptBuildPhase;
			buildActionMask = 2147483647;
			files = (
			);
			inputPaths = (
				"${PODS_PODFILE_DIR_PATH}/Podfile.lock",
				"${PODS_ROOT}/Manifest.lock",
			);
			name = "[CP] Check Pods Manifest.lock";
			outputPaths = (
				"$(DERIVED_FILE_DIR)/Pods-BillCutterTests-checkManifestLockResult.txt",
			);
			runOnlyForDeploymentPostprocessing = 0;
			shellPath = /bin/sh;
			shellScript = "diff \"${PODS_PODFILE_DIR_PATH}/Podfile.lock\" \"${PODS_ROOT}/Manifest.lock\" > /dev/null\nif [ $? != 0 ] ; then\n    # print error to STDERR\n    echo \"error: The sandbox is not in sync with the Podfile.lock. Run 'pod install' or update your CocoaPods installation.\" >&2\n    exit 1\nfi\n# This output is used by Xcode 'outputs' to avoid re-running this script phase.\necho \"SUCCESS\" > \"${SCRIPT_OUTPUT_FILE_0}\"\n";
			showEnvVarsInLog = 0;
		};
		FF4DC11DB3B98D11C1C313DB /* [CP] Check Pods Manifest.lock */ = {
			isa = PBXShellScriptBuildPhase;
			buildActionMask = 2147483647;
			files = (
			);
			inputPaths = (
				"${PODS_PODFILE_DIR_PATH}/Podfile.lock",
				"${PODS_ROOT}/Manifest.lock",
			);
			name = "[CP] Check Pods Manifest.lock";
			outputPaths = (
				"$(DERIVED_FILE_DIR)/Pods-BillCutter-checkManifestLockResult.txt",
			);
			runOnlyForDeploymentPostprocessing = 0;
			shellPath = /bin/sh;
			shellScript = "diff \"${PODS_PODFILE_DIR_PATH}/Podfile.lock\" \"${PODS_ROOT}/Manifest.lock\" > /dev/null\nif [ $? != 0 ] ; then\n    # print error to STDERR\n    echo \"error: The sandbox is not in sync with the Podfile.lock. Run 'pod install' or update your CocoaPods installation.\" >&2\n    exit 1\nfi\n# This output is used by Xcode 'outputs' to avoid re-running this script phase.\necho \"SUCCESS\" > \"${SCRIPT_OUTPUT_FILE_0}\"\n";
			showEnvVarsInLog = 0;
		};
/* End PBXShellScriptBuildPhase section */

/* Begin PBXSourcesBuildPhase section */
		C998034422FAFE5F008E6A28 /* Sources */ = {
			isa = PBXSourcesBuildPhase;
			buildActionMask = 2147483647;
			files = (
				C98D6CCC2328898100BE93F3 /* AddReceipt.swift in Sources */,
				C91F80D12317B15E001199FA /* LoginApiService.swift in Sources */,
				C98D6CCA232888D900BE93F3 /* AddReceiptResponse.swift in Sources */,
				C93CDCDA2314FF7700416851 /* UserDefaultService.swift in Sources */,
				C91F80CC2316BCFC001199FA /* AssignToViewController.swift in Sources */,
				C998034E22FAFE5F008E6A28 /* LoginViewController.swift in Sources */,
				C998035422FAFE5F008E6A28 /* BillCutter.xcdatamodeld in Sources */,
				A74B6580232827F5004E939F /* GroupSummaryViewController.swift in Sources */,
				C98D6CC42327A89300BE93F3 /* GroupMember.swift in Sources */,
				A71142B523144DEE00257E6E /* ApiService.swift in Sources */,
				C98D6CCE232898B100BE93F3 /* NotificationApiService.swift in Sources */,
				C98D6CBF2327A6B500BE93F3 /* GroupMemberApiService.swift in Sources */,
				C93CDCE52316221E00416851 /* UserDataController.swift in Sources */,
				A7651B3D231D881100035774 /* RegisterApiService.swift in Sources */,
				A70CEA3623269382006BF5E5 /* ReceiptItemResponse.swift in Sources */,
				CDC2CC97230A7DFD00F533FD /* DetailReceiptViewController.swift in Sources */,
				C97A4DBF23192CB600A3EF4E /* ParentViewController.swift in Sources */,
				C92C23402305970B00B85772 /* ScaledElementProcessor.swift in Sources */,
				C92C233923058A4900B85772 /* ScanViewController.swift in Sources */,
				C9168D982310F57200396BA0 /* ItemDataController.swift in Sources */,
				A70CEA322326919F006BF5E5 /* ReceiptItem.swift in Sources */,
				A70CEA3423269289006BF5E5 /* GroupReceiptResponse.swift in Sources */,
				CD734CB8230A56F4007D4A6B /* Item.swift in Sources */,
				C98D6CC62327CA1400BE93F3 /* TagMember.swift in Sources */,
				C92C233F2305970B00B85772 /* UIImageFixedOrientationExtension.swift in Sources */,
				CD734CBA230A5729007D4A6B /* Person.swift in Sources */,
				A7FBB4882327F119000FAE35 /* GroupMemberViewController.swift in Sources */,
				A70CEA382326948D006BF5E5 /* ReceiptResponse.swift in Sources */,
				C98D6CE5232B482800BE93F3 /* DashboardViewController.swift in Sources */,
				C91F80D32317F908001199FA /* ErrorResponse.swift in Sources */,
				C98D6CE1232B468A00BE93F3 /* DashboardResponse.swift in Sources */,
				C98D6CC22327A83100BE93F3 /* GroupMemberResponse.swift in Sources */,
				C9168D952310E70D00396BA0 /* ModifyDetailReceiptViewController.swift in Sources */,
				A7651B3B231D86E300035774 /* ApiStatusResult.swift in Sources */,
				C998034C22FAFE5F008E6A28 /* AppDelegate.swift in Sources */,
				A70CEA30232690CE006BF5E5 /* Receipt.swift in Sources */,
				C9906CDD23140F6600E3EEB0 /* GroupDataController.swift in Sources */,
				C98D6CE3232B475800BE93F3 /* Dashboard.swift in Sources */,
				C98D6CD42329764100BE93F3 /* GetLoginProfileResponse.swift in Sources */,
				C98D6CD0232975A100BE93F3 /* GetProfileApiService.swift in Sources */,
				A7E4752923294ED5007144DC /* SettingViewController.swift in Sources */,
				C96F758F230407ED00988758 /* RegisterViewController.swift in Sources */,
				C98D6CDF232B462C00BE93F3 /* DashboardApiService.swift in Sources */,
				C94369A32312B9B4009F2FB0 /* GroupsViewController.swift in Sources */,
				A72E21A82326C6E800099AC4 /* GroupReceiptViewController.swift in Sources */,
				C9D4B6DD230A835F001E0EDD /* DetailReceiptTableViewCell.swift in Sources */,
				C98D6CDA2329DF3700BE93F3 /* NotificationDetailViewController.swift in Sources */,
				C93CDCE12315078000416851 /* AddGroupViewController.swift in Sources */,
				C98D6CD623297A6300BE93F3 /* NotificationDataController.swift in Sources */,
				C98D6CD823297BFE00BE93F3 /* NotificationViewController.swift in Sources */,
				C98D6CD2232975EA00BE93F3 /* LoginProfile.swift in Sources */,
				C98D6CC8232868EF00BE93F3 /* ReceiptDetailItem.swift in Sources */,
				A7651B40231D921900035774 /* ViewUtil.swift in Sources */,
				C9906CD92313D08A00E3EEB0 /* CheckBox.swift in Sources */,
				C98D6CBD2327970100BE93F3 /* ReceiptApiService.swift in Sources */,
				A70CEA2E23269011006BF5E5 /* GroupReceipt.swift in Sources */,
				A7651B39231D85D700035774 /* ApiStatusResultResponse.swift in Sources */,
				C9B15770231E9E1900369D45 /* GroupTagViewController.swift in Sources */,
				A70CEA3A23269C5F006BF5E5 /* GroupReceiptApiService.swift in Sources */,
			);
			runOnlyForDeploymentPostprocessing = 0;
		};
		C998035B22FAFE62008E6A28 /* Sources */ = {
			isa = PBXSourcesBuildPhase;
			buildActionMask = 2147483647;
			files = (
				C998036422FAFE62008E6A28 /* BillCutterTests.swift in Sources */,
			);
			runOnlyForDeploymentPostprocessing = 0;
		};
		C998036622FAFE62008E6A28 /* Sources */ = {
			isa = PBXSourcesBuildPhase;
			buildActionMask = 2147483647;
			files = (
				C998036F22FAFE62008E6A28 /* BillCutterUITests.swift in Sources */,
			);
			runOnlyForDeploymentPostprocessing = 0;
		};
/* End PBXSourcesBuildPhase section */

/* Begin PBXTargetDependency section */
		C998036122FAFE62008E6A28 /* PBXTargetDependency */ = {
			isa = PBXTargetDependency;
			target = C998034722FAFE5F008E6A28 /* BillCutter */;
			targetProxy = C998036022FAFE62008E6A28 /* PBXContainerItemProxy */;
		};
		C998036C22FAFE62008E6A28 /* PBXTargetDependency */ = {
			isa = PBXTargetDependency;
			target = C998034722FAFE5F008E6A28 /* BillCutter */;
			targetProxy = C998036B22FAFE62008E6A28 /* PBXContainerItemProxy */;
		};
/* End PBXTargetDependency section */

/* Begin PBXVariantGroup section */
		C998034F22FAFE5F008E6A28 /* Main.storyboard */ = {
			isa = PBXVariantGroup;
			children = (
				C998035022FAFE5F008E6A28 /* Base */,
			);
			name = Main.storyboard;
			sourceTree = "<group>";
		};
		C998035722FAFE61008E6A28 /* LaunchScreen.storyboard */ = {
			isa = PBXVariantGroup;
			children = (
				C998035822FAFE61008E6A28 /* Base */,
			);
			name = LaunchScreen.storyboard;
			sourceTree = "<group>";
		};
/* End PBXVariantGroup section */

/* Begin XCBuildConfiguration section */
		C998037122FAFE62008E6A28 /* Debug */ = {
			isa = XCBuildConfiguration;
			buildSettings = {
				ALWAYS_SEARCH_USER_PATHS = NO;
				CLANG_ANALYZER_NONNULL = YES;
				CLANG_ANALYZER_NUMBER_OBJECT_CONVERSION = YES_AGGRESSIVE;
				CLANG_CXX_LANGUAGE_STANDARD = "gnu++14";
				CLANG_CXX_LIBRARY = "libc++";
				CLANG_ENABLE_MODULES = YES;
				CLANG_ENABLE_OBJC_ARC = YES;
				CLANG_ENABLE_OBJC_WEAK = YES;
				CLANG_WARN_BLOCK_CAPTURE_AUTORELEASING = YES;
				CLANG_WARN_BOOL_CONVERSION = YES;
				CLANG_WARN_COMMA = YES;
				CLANG_WARN_CONSTANT_CONVERSION = YES;
				CLANG_WARN_DEPRECATED_OBJC_IMPLEMENTATIONS = YES;
				CLANG_WARN_DIRECT_OBJC_ISA_USAGE = YES_ERROR;
				CLANG_WARN_DOCUMENTATION_COMMENTS = YES;
				CLANG_WARN_EMPTY_BODY = YES;
				CLANG_WARN_ENUM_CONVERSION = YES;
				CLANG_WARN_INFINITE_RECURSION = YES;
				CLANG_WARN_INT_CONVERSION = YES;
				CLANG_WARN_NON_LITERAL_NULL_CONVERSION = YES;
				CLANG_WARN_OBJC_IMPLICIT_RETAIN_SELF = YES;
				CLANG_WARN_OBJC_LITERAL_CONVERSION = YES;
				CLANG_WARN_OBJC_ROOT_CLASS = YES_ERROR;
				CLANG_WARN_RANGE_LOOP_ANALYSIS = YES;
				CLANG_WARN_STRICT_PROTOTYPES = YES;
				CLANG_WARN_SUSPICIOUS_MOVE = YES;
				CLANG_WARN_UNGUARDED_AVAILABILITY = YES_AGGRESSIVE;
				CLANG_WARN_UNREACHABLE_CODE = YES;
				CLANG_WARN__DUPLICATE_METHOD_MATCH = YES;
				CODE_SIGN_IDENTITY = "iPhone Developer";
				COPY_PHASE_STRIP = NO;
				DEBUG_INFORMATION_FORMAT = dwarf;
				ENABLE_STRICT_OBJC_MSGSEND = YES;
				ENABLE_TESTABILITY = YES;
				GCC_C_LANGUAGE_STANDARD = gnu11;
				GCC_DYNAMIC_NO_PIC = NO;
				GCC_NO_COMMON_BLOCKS = YES;
				GCC_OPTIMIZATION_LEVEL = 0;
				GCC_PREPROCESSOR_DEFINITIONS = (
					"DEBUG=1",
					"$(inherited)",
				);
				GCC_WARN_64_TO_32_BIT_CONVERSION = YES;
				GCC_WARN_ABOUT_RETURN_TYPE = YES_ERROR;
				GCC_WARN_UNDECLARED_SELECTOR = YES;
				GCC_WARN_UNINITIALIZED_AUTOS = YES_AGGRESSIVE;
				GCC_WARN_UNUSED_FUNCTION = YES;
				GCC_WARN_UNUSED_VARIABLE = YES;
				IPHONEOS_DEPLOYMENT_TARGET = 12.1;
				MTL_ENABLE_DEBUG_INFO = INCLUDE_SOURCE;
				MTL_FAST_MATH = YES;
				ONLY_ACTIVE_ARCH = YES;
				SDKROOT = iphoneos;
				SWIFT_ACTIVE_COMPILATION_CONDITIONS = DEBUG;
				SWIFT_OPTIMIZATION_LEVEL = "-Onone";
			};
			name = Debug;
		};
		C998037222FAFE62008E6A28 /* Release */ = {
			isa = XCBuildConfiguration;
			buildSettings = {
				ALWAYS_SEARCH_USER_PATHS = NO;
				CLANG_ANALYZER_NONNULL = YES;
				CLANG_ANALYZER_NUMBER_OBJECT_CONVERSION = YES_AGGRESSIVE;
				CLANG_CXX_LANGUAGE_STANDARD = "gnu++14";
				CLANG_CXX_LIBRARY = "libc++";
				CLANG_ENABLE_MODULES = YES;
				CLANG_ENABLE_OBJC_ARC = YES;
				CLANG_ENABLE_OBJC_WEAK = YES;
				CLANG_WARN_BLOCK_CAPTURE_AUTORELEASING = YES;
				CLANG_WARN_BOOL_CONVERSION = YES;
				CLANG_WARN_COMMA = YES;
				CLANG_WARN_CONSTANT_CONVERSION = YES;
				CLANG_WARN_DEPRECATED_OBJC_IMPLEMENTATIONS = YES;
				CLANG_WARN_DIRECT_OBJC_ISA_USAGE = YES_ERROR;
				CLANG_WARN_DOCUMENTATION_COMMENTS = YES;
				CLANG_WARN_EMPTY_BODY = YES;
				CLANG_WARN_ENUM_CONVERSION = YES;
				CLANG_WARN_INFINITE_RECURSION = YES;
				CLANG_WARN_INT_CONVERSION = YES;
				CLANG_WARN_NON_LITERAL_NULL_CONVERSION = YES;
				CLANG_WARN_OBJC_IMPLICIT_RETAIN_SELF = YES;
				CLANG_WARN_OBJC_LITERAL_CONVERSION = YES;
				CLANG_WARN_OBJC_ROOT_CLASS = YES_ERROR;
				CLANG_WARN_RANGE_LOOP_ANALYSIS = YES;
				CLANG_WARN_STRICT_PROTOTYPES = YES;
				CLANG_WARN_SUSPICIOUS_MOVE = YES;
				CLANG_WARN_UNGUARDED_AVAILABILITY = YES_AGGRESSIVE;
				CLANG_WARN_UNREACHABLE_CODE = YES;
				CLANG_WARN__DUPLICATE_METHOD_MATCH = YES;
				CODE_SIGN_IDENTITY = "iPhone Developer";
				COPY_PHASE_STRIP = NO;
				DEBUG_INFORMATION_FORMAT = "dwarf-with-dsym";
				ENABLE_NS_ASSERTIONS = NO;
				ENABLE_STRICT_OBJC_MSGSEND = YES;
				GCC_C_LANGUAGE_STANDARD = gnu11;
				GCC_NO_COMMON_BLOCKS = YES;
				GCC_WARN_64_TO_32_BIT_CONVERSION = YES;
				GCC_WARN_ABOUT_RETURN_TYPE = YES_ERROR;
				GCC_WARN_UNDECLARED_SELECTOR = YES;
				GCC_WARN_UNINITIALIZED_AUTOS = YES_AGGRESSIVE;
				GCC_WARN_UNUSED_FUNCTION = YES;
				GCC_WARN_UNUSED_VARIABLE = YES;
				IPHONEOS_DEPLOYMENT_TARGET = 12.1;
				MTL_ENABLE_DEBUG_INFO = NO;
				MTL_FAST_MATH = YES;
				SDKROOT = iphoneos;
				SWIFT_COMPILATION_MODE = wholemodule;
				SWIFT_OPTIMIZATION_LEVEL = "-O";
				VALIDATE_PRODUCT = YES;
			};
			name = Release;
		};
		C998037422FAFE62008E6A28 /* Debug */ = {
			isa = XCBuildConfiguration;
			baseConfigurationReference = 75E32FB5734C19FCA53027EC /* Pods-BillCutter.debug.xcconfig */;
			buildSettings = {
				ASSETCATALOG_COMPILER_APPICON_NAME = AppIcon;
				ASSETCATALOG_COMPILER_LAUNCHIMAGE_NAME = LaunchImage;
				CODE_SIGN_ENTITLEMENTS = BillCutter/BillCutter.entitlements;
				CODE_SIGN_STYLE = Automatic;
				DEVELOPMENT_TEAM = 2YU75YNV6V;
				INFOPLIST_FILE = BillCutter/Info.plist;
				LD_RUNPATH_SEARCH_PATHS = (
					"$(inherited)",
					"@executable_path/Frameworks",
				);
				PRODUCT_BUNDLE_IDENTIFIER = com.zeroseventwo.BillCutter;
				PRODUCT_NAME = "$(TARGET_NAME)";
				SWIFT_OBJC_BRIDGING_HEADER = "BillCutter/billcutter-bridging-header.h";
				SWIFT_VERSION = 4.2;
				TARGETED_DEVICE_FAMILY = "1,2";
			};
			name = Debug;
		};
		C998037522FAFE62008E6A28 /* Release */ = {
			isa = XCBuildConfiguration;
			baseConfigurationReference = BB402525E8D482C8238E46CA /* Pods-BillCutter.release.xcconfig */;
			buildSettings = {
				ASSETCATALOG_COMPILER_APPICON_NAME = AppIcon;
				ASSETCATALOG_COMPILER_LAUNCHIMAGE_NAME = LaunchImage;
				CODE_SIGN_ENTITLEMENTS = BillCutter/BillCutter.entitlements;
				CODE_SIGN_STYLE = Automatic;
				DEVELOPMENT_TEAM = 2YU75YNV6V;
				INFOPLIST_FILE = BillCutter/Info.plist;
				LD_RUNPATH_SEARCH_PATHS = (
					"$(inherited)",
					"@executable_path/Frameworks",
				);
				PRODUCT_BUNDLE_IDENTIFIER = com.zeroseventwo.BillCutter;
				PRODUCT_NAME = "$(TARGET_NAME)";
				SWIFT_OBJC_BRIDGING_HEADER = "BillCutter/billcutter-bridging-header.h";
				SWIFT_VERSION = 4.2;
				TARGETED_DEVICE_FAMILY = "1,2";
			};
			name = Release;
		};
		C998037722FAFE62008E6A28 /* Debug */ = {
			isa = XCBuildConfiguration;
			baseConfigurationReference = C8A62F765A5A0BF63A9820F2 /* Pods-BillCutterTests.debug.xcconfig */;
			buildSettings = {
				ALWAYS_EMBED_SWIFT_STANDARD_LIBRARIES = YES;
				BUNDLE_LOADER = "$(TEST_HOST)";
				CODE_SIGN_STYLE = Automatic;
				INFOPLIST_FILE = BillCutterTests/Info.plist;
				LD_RUNPATH_SEARCH_PATHS = (
					"$(inherited)",
					"@executable_path/Frameworks",
					"@loader_path/Frameworks",
				);
				PRODUCT_BUNDLE_IDENTIFIER = com.zeroseventwo.BillCutterTests;
				PRODUCT_NAME = "$(TARGET_NAME)";
				SWIFT_VERSION = 4.2;
				TARGETED_DEVICE_FAMILY = "1,2";
				TEST_HOST = "$(BUILT_PRODUCTS_DIR)/BillCutter.app/BillCutter";
			};
			name = Debug;
		};
		C998037822FAFE62008E6A28 /* Release */ = {
			isa = XCBuildConfiguration;
			baseConfigurationReference = D4F6824FB9082730B375305C /* Pods-BillCutterTests.release.xcconfig */;
			buildSettings = {
				ALWAYS_EMBED_SWIFT_STANDARD_LIBRARIES = YES;
				BUNDLE_LOADER = "$(TEST_HOST)";
				CODE_SIGN_STYLE = Automatic;
				INFOPLIST_FILE = BillCutterTests/Info.plist;
				LD_RUNPATH_SEARCH_PATHS = (
					"$(inherited)",
					"@executable_path/Frameworks",
					"@loader_path/Frameworks",
				);
				PRODUCT_BUNDLE_IDENTIFIER = com.zeroseventwo.BillCutterTests;
				PRODUCT_NAME = "$(TARGET_NAME)";
				SWIFT_VERSION = 4.2;
				TARGETED_DEVICE_FAMILY = "1,2";
				TEST_HOST = "$(BUILT_PRODUCTS_DIR)/BillCutter.app/BillCutter";
			};
			name = Release;
		};
		C998037A22FAFE62008E6A28 /* Debug */ = {
			isa = XCBuildConfiguration;
			baseConfigurationReference = C1EB0542A7785D59D0E0BF9C /* Pods-BillCutterUITests.debug.xcconfig */;
			buildSettings = {
				ALWAYS_EMBED_SWIFT_STANDARD_LIBRARIES = YES;
				CODE_SIGN_STYLE = Automatic;
				INFOPLIST_FILE = BillCutterUITests/Info.plist;
				LD_RUNPATH_SEARCH_PATHS = (
					"$(inherited)",
					"@executable_path/Frameworks",
					"@loader_path/Frameworks",
				);
				PRODUCT_BUNDLE_IDENTIFIER = com.zeroseventwo.BillCutterUITests;
				PRODUCT_NAME = "$(TARGET_NAME)";
				SWIFT_VERSION = 4.2;
				TARGETED_DEVICE_FAMILY = "1,2";
				TEST_TARGET_NAME = BillCutter;
			};
			name = Debug;
		};
		C998037B22FAFE62008E6A28 /* Release */ = {
			isa = XCBuildConfiguration;
			baseConfigurationReference = F2170B3DCF8FB1596BAB4B6D /* Pods-BillCutterUITests.release.xcconfig */;
			buildSettings = {
				ALWAYS_EMBED_SWIFT_STANDARD_LIBRARIES = YES;
				CODE_SIGN_STYLE = Automatic;
				INFOPLIST_FILE = BillCutterUITests/Info.plist;
				LD_RUNPATH_SEARCH_PATHS = (
					"$(inherited)",
					"@executable_path/Frameworks",
					"@loader_path/Frameworks",
				);
				PRODUCT_BUNDLE_IDENTIFIER = com.zeroseventwo.BillCutterUITests;
				PRODUCT_NAME = "$(TARGET_NAME)";
				SWIFT_VERSION = 4.2;
				TARGETED_DEVICE_FAMILY = "1,2";
				TEST_TARGET_NAME = BillCutter;
			};
			name = Release;
		};
/* End XCBuildConfiguration section */

/* Begin XCConfigurationList section */
		C998034322FAFE5F008E6A28 /* Build configuration list for PBXProject "BillCutter" */ = {
			isa = XCConfigurationList;
			buildConfigurations = (
				C998037122FAFE62008E6A28 /* Debug */,
				C998037222FAFE62008E6A28 /* Release */,
			);
			defaultConfigurationIsVisible = 0;
			defaultConfigurationName = Release;
		};
		C998037322FAFE62008E6A28 /* Build configuration list for PBXNativeTarget "BillCutter" */ = {
			isa = XCConfigurationList;
			buildConfigurations = (
				C998037422FAFE62008E6A28 /* Debug */,
				C998037522FAFE62008E6A28 /* Release */,
			);
			defaultConfigurationIsVisible = 0;
			defaultConfigurationName = Release;
		};
		C998037622FAFE62008E6A28 /* Build configuration list for PBXNativeTarget "BillCutterTests" */ = {
			isa = XCConfigurationList;
			buildConfigurations = (
				C998037722FAFE62008E6A28 /* Debug */,
				C998037822FAFE62008E6A28 /* Release */,
			);
			defaultConfigurationIsVisible = 0;
			defaultConfigurationName = Release;
		};
		C998037922FAFE62008E6A28 /* Build configuration list for PBXNativeTarget "BillCutterUITests" */ = {
			isa = XCConfigurationList;
			buildConfigurations = (
				C998037A22FAFE62008E6A28 /* Debug */,
				C998037B22FAFE62008E6A28 /* Release */,
			);
			defaultConfigurationIsVisible = 0;
			defaultConfigurationName = Release;
		};
/* End XCConfigurationList section */

/* Begin XCVersionGroup section */
		C998035222FAFE5F008E6A28 /* BillCutter.xcdatamodeld */ = {
			isa = XCVersionGroup;
			children = (
				C998035322FAFE5F008E6A28 /* BillCutter.xcdatamodel */,
			);
			currentVersion = C998035322FAFE5F008E6A28 /* BillCutter.xcdatamodel */;
			path = BillCutter.xcdatamodeld;
			sourceTree = "<group>";
			versionGroupType = wrapper.xcdatamodel;
		};
/* End XCVersionGroup section */
	};
	rootObject = C998034022FAFE5F008E6A28 /* Project object */;
}
